{
  "name": "notform",
  "version": "2.0.0-alpha.0",
  "lockfileVersion": 3,
  "requires": true,
  "packages": {
    "": {
      "name": "notform",
      "version": "2.0.0-alpha.0",
      "license": "MIT",
      "dependencies": {
        "@standard-schema/spec": "^1.1.0",
        "dequal": "^2.0.3",
        "dlv": "^1.1.3",
        "dset": "^3.1.4",
        "klona": "^2.0.6"
      },
      "devDependencies": {
        "@types/dlv": "^1.1.5",
        "@types/node": "^25.5.0",
        "@vitejs/plugin-vue": "^6.0.5",
        "@vue/test-utils": "^2.4.6",
        "happy-dom": "^20.8.9",
        "tsdown": "^0.21.7",
        "type-fest": "^5.5.0",
        "vite": "^8.0.3",
        "vitest": "^4.1.2",
        "vue": "^3.5.31",
        "vue-tsc": "^3.2.6"
      },
      "engines": {
        "node": ">=24.13.0"
      },
      "peerDependencies": {
        "vue": "^3.0.0"
      }
    },
    "../../node_modules/.pnpm/@standard-schema+spec@1.1.0/node_modules/@standard-schema/spec": {
      "version": "1.1.0",
      "license": "MIT",
      "devDependencies": {
        "tsup": "^8.3.0",
        "typescript": "^5.6.2"
      }
    },
    "../../node_modules/.pnpm/@types+node@25.5.2/node_modules/@types/node": {
      "version": "25.5.2",
      "dev": true,
      "license": "MIT",
      "dependencies": {
        "undici-types": "~7.18.0"
      }
    },
    "../../node_modules/.pnpm/@vitejs+plugin-vue@6.0.5_vi_aecbac50a46b4ef9c9bf2b95db8f9a15/node_modules/@vitejs/plugin-vue": {
      "version": "6.0.5",
      "dev": true,
      "license": "MIT",
      "dependencies": {
        "@rolldown/pluginutils": "1.0.0-rc.2"
      },
      "devDependencies": {
        "@jridgewell/gen-mapping": "^0.3.13",
        "@jridgewell/trace-mapping": "^0.3.31",
        "obug": "^2.1.1",
        "rollup": "^4.57.1",
        "slash": "^5.1.0",
        "source-map-js": "^1.2.1",
        "tsdown": "^0.20.1",
        "vite": "^7.3.1",
        "vue": "^3.5.27"
      },
      "engines": {
        "node": "^20.19.0 || >=22.12.0"
      },
      "peerDependencies": {
        "vite": "^5.0.0 || ^6.0.0 || ^7.0.0 || ^8.0.0",
        "vue": "^3.2.25"
      }
    },
    "../../node_modules/.pnpm/@vue+test-utils@2.4.6/node_modules/@vue/test-utils": {
      "version": "2.4.6",
      "dev": true,
      "license": "MIT",
      "dependencies": {
        "js-beautify": "^1.14.9",
        "vue-component-type-helpers": "^2.0.0"
      },
      "devDependencies": {
        "@rollup/plugin-commonjs": "25.0.7",
        "@rollup/plugin-json": "6.1.0",
        "@rollup/plugin-node-resolve": "15.2.3",
        "@rollup/plugin-replace": "5.0.5",
        "@rollup/plugin-typescript": "11.1.6",
        "@types/js-beautify": "1.14.3",
        "@types/node": "20.12.8",
        "@typescript-eslint/eslint-plugin": "7.8.0",
        "@typescript-eslint/parser": "7.8.0",
        "@vitejs/plugin-vue": "5.0.4",
        "@vitejs/plugin-vue-jsx": "3.1.0",
        "@vitest/coverage-v8": "1.5.3",
        "@vue/compat": "3.4.26",
        "@vue/compiler-dom": "3.4.26",
        "@vue/compiler-sfc": "3.4.26",
        "@vue/server-renderer": "3.4.26",
        "eslint": "8.57.0",
        "eslint-config-prettier": "9.1.0",
        "eslint-plugin-prettier": "5.1.3",
        "husky": "9.0.11",
        "jsdom": "24.0.0",
        "jsdom-global": "3.0.2",
        "lint-staged": "15.2.2",
        "prettier": "3.2.5",
        "reflect-metadata": "0.2.2",
        "rollup": "4.17.2",
        "tslib": "2.6.2",
        "typescript": "5.4.5",
        "unplugin-vue-components": "0.27.0",
        "vite": "5.2.10",
        "vitepress": "1.1.4",
        "vitepress-translation-helper": "0.2.1",
        "vitest": "1.5.3",
        "vue": "3.4.26",
        "vue-class-component": "8.0.0-rc.1",
        "vue-router": "4.3.2",
        "vue-tsc": "2.0.16",
        "vuex": "4.1.0"
      }
    },
    "../../node_modules/.pnpm/dequal@2.0.3/node_modules/dequal": {
      "version": "2.0.3",
      "license": "MIT",
      "devDependencies": {
        "bundt": "1.0.2",
        "esm": "3.2.25",
        "uvu": "0.3.2"
      },
      "engines": {
        "node": ">=6"
      }
    },
    "../../node_modules/.pnpm/dlv@1.1.3/node_modules/dlv": {
      "version": "1.1.3",
      "license": "MIT",
      "devDependencies": {
        "microbundle": "^0.11.0"
      }
    },
    "../../node_modules/.pnpm/dset@3.1.4/node_modules/dset": {
      "version": "3.1.4",
      "license": "MIT",
      "devDependencies": {
        "bundt": "1.1.2",
        "esm": "3.2.25",
        "uvu": "0.5.1"
      },
      "engines": {
        "node": ">=4"
      }
    },
    "../../node_modules/.pnpm/happy-dom@20.8.9/node_modules/happy-dom": {
      "version": "20.8.9",
      "dev": true,
      "license": "MIT",
      "dependencies": {
        "@types/node": ">=20.0.0",
        "@types/whatwg-mimetype": "^3.0.2",
        "@types/ws": "^8.18.1",
        "entities": "^7.0.1",
        "whatwg-mimetype": "^3.0.0",
        "ws": "^8.18.3"
      },
      "devDependencies": {
        "@vitest/ui": "^4.0.16",
        "@webref/css": "6.6.2",
        "madge": "^8.0.0",
        "typescript": "^5.8.3",
        "vitest": "^4.0.16"
      },
      "engines": {
        "node": ">=20.0.0"
      }
    },
    "../../node_modules/.pnpm/klona@2.0.6/node_modules/klona": {
      "version": "2.0.6",
      "license": "MIT",
      "devDependencies": {
        "bundt": "1.0.2",
        "esm": "3.2.25",
        "uvu": "0.5.2"
      },
      "engines": {
        "node": ">= 8"
      }
    },
    "../../node_modules/.pnpm/tsdown@0.21.7_@emnapi+core@_56b3e56aa7420cf08baac7930910d148/node_modules/tsdown": {
      "version": "0.21.7",
      "dev": true,
      "license": "MIT",
      "dependencies": {
        "ansis": "^4.2.0",
        "cac": "^7.0.0",
        "defu": "^6.1.4",
        "empathic": "^2.0.0",
        "hookable": "^6.1.0",
        "import-without-cache": "^0.2.5",
        "obug": "^2.1.1",
        "picomatch": "^4.0.4",
        "rolldown": "1.0.0-rc.12",
        "rolldown-plugin-dts": "^0.23.2",
        "semver": "^7.7.4",
        "tinyexec": "^1.0.4",
        "tinyglobby": "^0.2.15",
        "tree-kill": "^1.2.2",
        "unconfig-core": "^7.5.0",
        "unrun": "^0.2.34"
      },
      "bin": {
        "tsdown": "dist/run.mjs"
      },
      "devDependencies": {
        "@arethetypeswrong/core": "^0.18.2",
        "@sxzz/eslint-config": "^7.8.4",
        "@sxzz/prettier-config": "^2.3.1",
        "@sxzz/test-utils": "^0.5.16",
        "@tsdown/css": "0.21.7",
        "@tsdown/exe": "0.21.7",
        "@types/node": "^25.5.0",
        "@types/picomatch": "^4.0.2",
        "@types/semver": "^7.7.1",
        "@typescript/native-preview": "7.0.0-dev.20260328.1",
        "@unocss/eslint-plugin": "^66.6.7",
        "@vitejs/devtools": "^0.1.11",
        "@vitest/coverage-v8": "^4.1.2",
        "@vitest/ui": "^4.1.2",
        "@vueuse/core": "^14.2.1",
        "bumpp": "^11.0.1",
        "dedent": "^1.7.2",
        "eslint": "^10.1.0",
        "is-in-ci": "^2.0.0",
        "memfs": "^4.57.1",
        "package-manager-detector": "^1.6.0",
        "pkg-types": "^2.3.0",
        "postcss": "^8.5.8",
        "postcss-import": "^16.1.1",
        "prettier": "^3.8.1",
        "publint": "^0.3.18",
        "rolldown-plugin-dts-snapshot": "^0.4.0",
        "rolldown-plugin-require-cjs": "^0.4.0",
        "sass": "^1.98.0",
        "typescript": "~6.0.2",
        "unocss": "^66.6.7",
        "unplugin-ast": "^0.16.0",
        "unplugin-raw": "^0.6.4",
        "unplugin-unused": "^0.5.7",
        "unplugin-vue": "^7.1.1",
        "vite": "^8.0.3",
        "vitest": "^4.1.2",
        "vue": "^3.5.31"
      },
      "engines": {
        "node": ">=20.19.0"
      },
      "funding": {
        "url": "https://github.com/sponsors/sxzz"
      },
      "peerDependencies": {
        "@arethetypeswrong/core": "^0.18.1",
        "@tsdown/css": "0.21.7",
        "@tsdown/exe": "0.21.7",
        "@vitejs/devtools": "*",
        "publint": "^0.3.0",
        "typescript": "^5.0.0 || ^6.0.0",
        "unplugin-unused": "^0.5.0"
      },
      "peerDependenciesMeta": {
        "@arethetypeswrong/core": {
          "optional": true
        },
        "@tsdown/css": {
          "optional": true
        },
        "@tsdown/exe": {
          "optional": true
        },
        "@vitejs/devtools": {
          "optional": true
        },
        "publint": {
          "optional": true
        },
        "typescript": {
          "optional": true
        },
        "unplugin-unused": {
          "optional": true
        }
      }
    },
    "../../node_modules/.pnpm/type-fest@5.5.0/node_modules/type-fest": {
      "version": "5.5.0",
      "dev": true,
      "license": "(MIT OR CC0-1.0)",
      "dependencies": {
        "tagged-tag": "^1.0.0"
      },
      "devDependencies": {
        "@sindresorhus/tsconfig": "^8.0.1",
        "@typescript-eslint/parser": "^8.44.0",
        "@typescript/vfs": "^1.6.1",
        "dedent": "^1.7.0",
        "eslint": "^9.35.0",
        "expect-type": "^1.2.2",
        "npm-run-all2": "^8.0.4",
        "tsd": "^0.33.0",
        "typescript": "^5.9.2",
        "typescript-eslint": "^8.47.0",
        "xo": "^1.2.2"
      },
      "engines": {
        "node": ">=20"
      },
      "funding": {
        "url": "https://github.com/sponsors/sindresorhus"
      }
    },
    "../../node_modules/.pnpm/vite@8.0.8_@types+node@25.5.2_jiti@2.6.1/node_modules/vite": {
      "version": "8.0.8",
      "dev": true,
      "license": "MIT",
      "dependencies": {
        "lightningcss": "^1.32.0",
        "picomatch": "^4.0.4",
        "postcss": "^8.5.8",
        "rolldown": "1.0.0-rc.15",
        "tinyglobby": "^0.2.15"
      },
      "bin": {
        "vite": "bin/vite.js"
      },
      "devDependencies": {
        "@babel/parser": "^7.29.2",
        "@jridgewell/remapping": "^2.3.5",
        "@jridgewell/trace-mapping": "^0.3.31",
        "@polka/compression": "^1.0.0-next.25",
        "@rollup/plugin-alias": "^6.0.0",
        "@rollup/plugin-dynamic-import-vars": "2.1.4",
        "@rollup/pluginutils": "^5.3.0",
        "@types/escape-html": "^1.0.4",
        "@types/pnpapi": "^0.0.5",
        "@vercel/detect-agent": "^1.2.1",
        "@vitejs/devtools": "^0.1.13",
        "@vitest/utils": "4.1.2",
        "artichokie": "^0.4.3",
        "baseline-browser-mapping": "^2.10.15",
        "cac": "^7.0.0",
        "chokidar": "^3.6.0",
        "connect": "^3.7.0",
        "convert-source-map": "^2.0.0",
        "cors": "^2.8.6",
        "cross-spawn": "^7.0.6",
        "dotenv-expand": "^12.0.3",
        "es-module-lexer": "^1.7.0",
        "esbuild": "^0.28.0",
        "escape-html": "^1.0.3",
        "estree-walker": "^3.0.3",
        "etag": "^1.8.1",
        "host-validation-middleware": "^0.1.4",
        "http-proxy-3": "^1.23.2",
        "launch-editor-middleware": "^2.13.2",
        "magic-string": "^0.30.21",
        "mlly": "^1.8.2",
        "mrmime": "^2.0.1",
        "nanoid": "^5.1.7",
        "obug": "^1.0.2",
        "open": "^10.2.0",
        "parse5": "^8.0.0",
        "pathe": "^2.0.3",
        "periscopic": "^4.0.2",
        "picocolors": "^1.1.1",
        "postcss-import": "^16.1.1",
        "postcss-load-config": "^6.0.1",
        "postcss-modules": "^6.0.1",
        "premove": "^4.0.0",
        "resolve.exports": "^2.0.3",
        "rolldown-plugin-dts": "^0.23.2",
        "rollup": "^4.59.0",
        "rollup-plugin-license": "^3.7.0",
        "sass": "^1.99.0",
        "sass-embedded": "^1.99.0",
        "sirv": "^3.0.2",
        "strip-literal": "^3.1.0",
        "terser": "^5.46.1",
        "ufo": "^1.6.3",
        "ws": "^8.20.0"
      },
      "engines": {
        "node": "^20.19.0 || >=22.12.0"
      },
      "funding": {
        "url": "https://github.com/vitejs/vite?sponsor=1"
      },
      "optionalDependencies": {
        "fsevents": "~2.3.3"
      },
      "peerDependencies": {
        "@types/node": "^20.19.0 || >=22.12.0",
        "@vitejs/devtools": "^0.1.0",
        "esbuild": "^0.27.0 || ^0.28.0",
        "jiti": ">=1.21.0",
        "less": "^4.0.0",
        "sass": "^1.70.0",
        "sass-embedded": "^1.70.0",
        "stylus": ">=0.54.8",
        "sugarss": "^5.0.0",
        "terser": "^5.16.0",
        "tsx": "^4.8.1",
        "yaml": "^2.4.2"
      },
      "peerDependenciesMeta": {
        "@types/node": {
          "optional": true
        },
        "@vitejs/devtools": {
          "optional": true
        },
        "esbuild": {
          "optional": true
        },
        "jiti": {
          "optional": true
        },
        "less": {
          "optional": true
        },
        "sass": {
          "optional": true
        },
        "sass-embedded": {
          "optional": true
        },
        "stylus": {
          "optional": true
        },
        "sugarss": {
          "optional": true
        },
        "terser": {
          "optional": true
        },
        "tsx": {
          "optional": true
        },
        "yaml": {
          "optional": true
        }
      }
    },
    "../../node_modules/.pnpm/vitest@4.1.4_@types+node@25_44a7dc99532b9cb3d8026d8dc391c260/node_modules/vitest": {
      "version": "4.1.4",
      "dev": true,
      "license": "MIT",
      "dependencies": {
        "@vitest/expect": "4.1.4",
        "@vitest/mocker": "4.1.4",
        "@vitest/pretty-format": "4.1.4",
        "@vitest/runner": "4.1.4",
        "@vitest/snapshot": "4.1.4",
        "@vitest/spy": "4.1.4",
        "@vitest/utils": "4.1.4",
        "es-module-lexer": "^2.0.0",
        "expect-type": "^1.3.0",
        "magic-string": "^0.30.21",
        "obug": "^2.1.1",
        "pathe": "^2.0.3",
        "picomatch": "^4.0.3",
        "std-env": "^4.0.0-rc.1",
        "tinybench": "^2.9.0",
        "tinyexec": "^1.0.2",
        "tinyglobby": "^0.2.15",
        "tinyrainbow": "^3.1.0",
        "vite": "^6.0.0 || ^7.0.0 || ^8.0.0",
        "why-is-node-running": "^2.3.0"
      },
      "bin": {
        "vitest": "vitest.mjs"
      },
      "devDependencies": {
        "@antfu/install-pkg": "^1.1.0",
        "@bomb.sh/tab": "^0.0.14",
        "@edge-runtime/vm": "^5.0.0",
        "@jridgewell/trace-mapping": "0.3.31",
        "@opentelemetry/api": "^1.9.0",
        "@sinonjs/fake-timers": "15.0.0",
        "@types/estree": "^1.0.8",
        "@types/istanbul-lib-coverage": "^2.0.6",
        "@types/istanbul-reports": "^3.0.4",
        "@types/jsdom": "^27.0.0",
        "@types/node": "^24.12.0",
        "@types/picomatch": "^4.0.2",
        "@types/prompts": "^2.4.9",
        "@types/sinonjs__fake-timers": "^15.0.1",
        "acorn": "8.11.3",
        "acorn-walk": "^8.3.5",
        "birpc": "^4.0.0",
        "cac": "^6.7.14",
        "empathic": "^2.0.0",
        "flatted": "^3.4.2",
        "happy-dom": "^20.8.3",
        "jsdom": "^27.4.0",
        "local-pkg": "^1.1.2",
        "mime": "^4.1.0",
        "prompts": "^2.4.2",
        "strip-literal": "^3.1.0",
        "tinyhighlight": "^0.3.2",
        "ws": "^8.19.0"
      },
      "engines": {
        "node": "^20.0.0 || ^22.0.0 || >=24.0.0"
      },
      "funding": {
        "url": "https://opencollective.com/vitest"
      },
      "peerDependencies": {
        "@edge-runtime/vm": "*",
        "@opentelemetry/api": "^1.9.0",
        "@types/node": "^20.0.0 || ^22.0.0 || >=24.0.0",
        "@vitest/browser-playwright": "4.1.4",
        "@vitest/browser-preview": "4.1.4",
        "@vitest/browser-webdriverio": "4.1.4",
        "@vitest/coverage-istanbul": "4.1.4",
        "@vitest/coverage-v8": "4.1.4",
        "@vitest/ui": "4.1.4",
        "happy-dom": "*",
        "jsdom": "*",
        "vite": "^6.0.0 || ^7.0.0 || ^8.0.0"
      },
      "peerDependenciesMeta": {
        "@edge-runtime/vm": {
          "optional": true
        },
        "@opentelemetry/api": {
          "optional": true
        },
        "@types/node": {
          "optional": true
        },
        "@vitest/browser-playwright": {
          "optional": true
        },
        "@vitest/browser-preview": {
          "optional": true
        },
        "@vitest/browser-webdriverio": {
          "optional": true
        },
        "@vitest/coverage-istanbul": {
          "optional": true
        },
        "@vitest/coverage-v8": {
          "optional": true
        },
        "@vitest/ui": {
          "optional": true
        },
        "happy-dom": {
          "optional": true
        },
        "jsdom": {
          "optional": true
        },
        "vite": {
          "optional": false
        }
      }
    },
    "../../node_modules/.pnpm/vue-tsc@3.2.6_typescript@6.0.2/node_modules/vue-tsc": {
      "version": "3.2.6",
      "dev": true,
      "license": "MIT",
      "dependencies": {
        "@volar/typescript": "2.4.28",
        "@vue/language-core": "3.2.6"
      },
      "bin": {
        "vue-tsc": "bin/vue-tsc.js"
      },
      "devDependencies": {
        "@types/node": "^22.10.4"
      },
      "peerDependencies": {
        "typescript": ">=5.0.0"
      }
    },
    "../../node_modules/.pnpm/vue@3.5.32_typescript@6.0.2/node_modules/vue": {
      "version": "3.5.32",
      "dev": true,
      "license": "MIT",
      "dependencies": {
        "@vue/compiler-dom": "3.5.32",
        "@vue/compiler-sfc": "3.5.32",
        "@vue/runtime-dom": "3.5.32",
        "@vue/server-renderer": "3.5.32",
        "@vue/shared": "3.5.32"
      },
      "peerDependencies": {
        "typescript": "*"
      },
      "peerDependenciesMeta": {
        "typescript": {
          "optional": true
        }
      }
    },
    "node_modules/@standard-schema/spec": {
      "resolved": "../../node_modules/.pnpm/@standard-schema+spec@1.1.0/node_modules/@standard-schema/spec",
      "link": true
    },
    "node_modules/@types/dlv": {
      "version": "1.1.5",
      "resolved": "https://registry.npmjs.org/@types/dlv/-/dlv-1.1.5.tgz",
      "integrity": "sha512-JHOWNfiWepAhfwlSw17kiWrWrk6od2dEQgHltJw9AS0JPFoLZJBge5+Dnil2NfdjAvJ/+vGSX60/BRW20PpUXw==",
      "dev": true,
      "license": "MIT"
    },
    "node_modules/@types/node": {
      "resolved": "../../node_modules/.pnpm/@types+node@25.5.2/node_modules/@types/node",
      "link": true
    },
    "node_modules/@vitejs/plugin-vue": {
      "resolved": "../../node_modules/.pnpm/@vitejs+plugin-vue@6.0.5_vi_aecbac50a46b4ef9c9bf2b95db8f9a15/node_modules/@vitejs/plugin-vue",
      "link": true
    },
    "node_modules/@vue/test-utils": {
      "resolved": "../../node_modules/.pnpm/@vue+test-utils@2.4.6/node_modules/@vue/test-utils",
      "link": true
    },
    "node_modules/dequal": {
      "resolved": "../../node_modules/.pnpm/dequal@2.0.3/node_modules/dequal",
      "link": true
    },
    "node_modules/dlv": {
      "resolved": "../../node_modules/.pnpm/dlv@1.1.3/node_modules/dlv",
      "link": true
    },
    "node_modules/dset": {
      "resolved": "../../node_modules/.pnpm/dset@3.1.4/node_modules/dset",
      "link": true
    },
    "node_modules/happy-dom": {
      "resolved": "../../node_modules/.pnpm/happy-dom@20.8.9/node_modules/happy-dom",
      "link": true
    },
    "node_modules/klona": {
      "resolved": "../../node_modules/.pnpm/klona@2.0.6/node_modules/klona",
      "link": true
    },
    "node_modules/tsdown": {
      "resolved": "../../node_modules/.pnpm/tsdown@0.21.7_@emnapi+core@_56b3e56aa7420cf08baac7930910d148/node_modules/tsdown",
      "link": true
    },
    "node_modules/type-fest": {
      "resolved": "../../node_modules/.pnpm/type-fest@5.5.0/node_modules/type-fest",
      "link": true
    },
    "node_modules/vite": {
      "resolved": "../../node_modules/.pnpm/vite@8.0.8_@types+node@25.5.2_jiti@2.6.1/node_modules/vite",
      "link": true
    },
    "node_modules/vitest": {
      "resolved": "../../node_modules/.pnpm/vitest@4.1.4_@types+node@25_44a7dc99532b9cb3d8026d8dc391c260/node_modules/vitest",
      "link": true
    },
    "node_modules/vue": {
      "resolved": "../../node_modules/.pnpm/vue@3.5.32_typescript@6.0.2/node_modules/vue",
      "link": true
    },
    "node_modules/vue-tsc": {
      "resolved": "../../node_modules/.pnpm/vue-tsc@3.2.6_typescript@6.0.2/node_modules/vue-tsc",
      "link": true
    }
  }
}
